
Microsoft Visual Studio Solution File, Format Version 10.00
# Visual Studio 2008
Project("{FAE04EC0-301F-11D3-BF4B-00C04F79EFBC}") = "AppConfigDeleter", "AppConfigDeleter\AppConfigDeleter.csproj", "{64AE20BE-A40F-4CFB-8698-72EEA8F5C447}"
EndProject
Project("{FAE04EC0-301F-11D3-BF4B-00C04F79EFBC}") = "AssemblyInfoGetter", "AssemblyInfoGetter\AssemblyInfoGetter.csproj", "{2E6EB69E-0656-4C72-8A47-10F22FFC619C}"
EndProject
Global
	GlobalSection(SolutionConfigurationPlatforms) = preSolution
		Debug|Any CPU = Debug|Any CPU
		Release|Any CPU = Release|Any CPU
	EndGlobalSection
	GlobalSection(ProjectConfigurationPlatforms) = postSolution
		{64AE20BE-A40F-4CFB-8698-72EEA8F5C447}.Debug|Any CPU.ActiveCfg = Debug|Any CPU
		{64AE20BE-A40F-4CFB-8698-72EEA8F5C447}.Debug|Any CPU.Build.0 = Debug|Any CPU
		{64AE20BE-A40F-4CFB-8698-72EEA8F5C447}.Release|Any CPU.ActiveCfg = Release|Any CPU
		{64AE20BE-A40F-4CFB-8698-72EEA8F5C447}.Release|Any CPU.Build.0 = Release|Any CPU
		{2E6EB69E-0656-4C72-8A47-10F22FFC619C}.Debug|Any CPU.ActiveCfg = Debug|Any CPU
		{2E6EB69E-0656-4C72-8A47-10F22FFC619C}.Debug|Any CPU.Build.0 = Debug|Any CPU
		{2E6EB69E-0656-4C72-8A47-10F22FFC619C}.Release|Any CPU.ActiveCfg = Release|Any CPU
		{2E6EB69E-0656-4C72-8A47-10F22FFC619C}.Release|Any CPU.Build.0 = Release|Any CPU
	EndGlobalSection
	GlobalSection(SolutionProperties) = preSolution
		HideSolutionNode = FALSE
	EndGlobalSection
EndGlobal
